
Microsoft Visual Studio Solution File, Format Version 12.00
# Visual Studio Version 16
VisualStudioVersion = 16.0.29503.13
MinimumVisualStudioVersion = 10.0.40219.1
Project("{FAE04EC0-301F-11D3-BF4B-00C04F79EFBC}") = "Digital_Conscience", "Digital_Conscience.csproj", "{1027DB66-80C8-4AED-8489-F31D07EE295E}"
EndProject
Global
	GlobalSection(SolutionConfigurationPlatforms) = preSolution
		Debug|Any CPU = Debug|Any CPU
		Release|Any CPU = Release|Any CPU
	EndGlobalSection
	GlobalSection(ProjectConfigurationPlatforms) = postSolution
		{1027DB66-80C8-4AED-8489-F31D07EE295E}.Debug|Any CPU.ActiveCfg = Debug|Any CPU
		{1027DB66-80C8-4AED-8489-F31D07EE295E}.Debug|Any CPU.Build.0 = Debug|Any CPU
		{1027DB66-80C8-4AED-8489-F31D07EE295E}.Release|Any CPU.ActiveCfg = Release|Any CPU
		{1027DB66-80C8-4AED-8489-F31D07EE295E}.Release|Any CPU.Build.0 = Release|Any CPU
	EndGlobalSection
	GlobalSection(SolutionProperties) = preSolution
		HideSolutionNode = FALSE
	EndGlobalSection
	GlobalSection(ExtensibilityGlobals) = postSolution
		SolutionGuid = {3F640A00-F213-4D85-AA1B-A6A051E4295F}
	EndGlobalSection
EndGlobal
